# shellcheck shell=bash
# Exact upstream and artifact identities accepted by this repository.
GIT_TOWN_REQUIRED_VERSION="24.0.0"
GIT_TOWN_UPSTREAM_TAG="v24.0.0"
GIT_TOWN_RELEASE_COMMIT="0f3e55f5a6bae5b319dd713a0606263d0551af66"
GIT_TOWN_LICENSE_ID="MIT"
GIT_TOWN_LICENSE_BLOB_SHA="4bcd5ec1942737f7976b8bac8534a8ab642ec0e0"
GIT_TOWN_LICENSE_SHA256="eec8a092b92231375231488d27b959e2fa2be80559c97db60c1b0458d3298791"
GIT_TOWN_CHECKSUMS_ASSET_SHA256="7532377166cb59dc01c74f86e3a71c54ba9567a461313a5d203a1ea99c571b24"
GIT_TOWN_LINUX_AMD64_PACKAGE="git-town_linux_intel_64.deb"
GIT_TOWN_LINUX_AMD64_PACKAGE_SHA256="1535999a402e08c721538473808429eeb71beb929ef51a1438ba007434951dd7"
# The binary the pinned package installs. This is a derived constant, not an observation of one host:
# `dpkg-deb -x` on the digest-verified package, `command -v git-town` after `dpkg -i`, and the path
# `dpkg -L git-town` reports all produce this value.
GIT_TOWN_LINUX_AMD64_BINARY_SHA256="dbaba38145246f602940e7261190f394cb4cd6dbc0d079233e3a15c42a11f461"
GIT_TOWN_EXPECTED_REPOSITORY="ed3c/XT-Aegis"
GIT_TOWN_CONFIG_SHA256="dac32bfc8557e9f9f86537a4e081f32eff90f2965233b48a7676bace687356db"
